PODS:
  - CASHU (1.3):
    - CCMPopup
    - SCrypto
  - CCMPopup (1.1.0)
  - SCrypto (3.0.2)

DEPENDENCIES:
  - CASHU

SPEC REPOS:
  https://github.com/CocoaPods/Specs.git:
    - CASHU
    - CCMPopup
    - SCrypto

SPEC CHECKSUMS:
  CASHU: ddcd26f3ca192053e845e17adfe5ea3e5096f762
  CCMPopup: e41fad5b8a0823c9cddea8eab6d431670c9dabe5
  SCrypto: 9cbc2fdf1e1ef0f28aa32e26e5460ccee59da4c1

PODFILE CHECKSUM: 6f608bf22db1972aaceb0e56d4b907a761194afa

COCOAPODS: 1.5.0
