PODS:
  - CASHU (1.01):
    - CCMPopup
    - SCrypto
  - CCMPopup (1.1.0)
  - SCrypto (3.0.2)

DEPENDENCIES:
  - CASHU

SPEC REPOS:
  https://github.com/CocoaPods/Specs.git:
    - CASHU
    - CCMPopup
    - SCrypto

SPEC CHECKSUMS:
  CASHU: 9592824f7265801bf6f5e12a42b934d04647e0e6
  CCMPopup: e41fad5b8a0823c9cddea8eab6d431670c9dabe5
  SCrypto: 9cbc2fdf1e1ef0f28aa32e26e5460ccee59da4c1

PODFILE CHECKSUM: 471628ca2d51aeacd32b6c3f03ae0687cd0c4e2c

COCOAPODS: 1.5.0
